{
  "name": "start-lit-element",
  "version": "1.0.0",
  "lockfileVersion": 1,
  "requires": true,
  "dependencies": {
    "@polymer/lit-element": {
      "version": "0.7.1",
      "resolved": "https://globaldevtools.bbva.com:443/artifactory/api/npm/npm-repo/@polymer/lit-element/-/lit-element-0.7.1.tgz",
      "integrity": "sha1-ze0tEf9DCPnOPkAB2JMZjavO1jk=",
      "requires": {
        "lit-html": "^1.0.0-rc.2"
      }
    },
    "@webcomponents/webcomponentsjs": {
      "version": "2.2.4",
      "resolved": "https://globaldevtools.bbva.com:443/artifactory/api/npm/npm-repo/@webcomponents/webcomponentsjs/-/webcomponentsjs-2.2.4.tgz",
      "integrity": "sha1-tSDVhuRlF5FNlwjCIgsmMRbV+Go="
    },
    "lit-html": {
      "version": "1.0.0-rc.2",
      "resolved": "https://globaldevtools.bbva.com:443/artifactory/api/npm/npm-repo/lit-html/-/lit-html-1.0.0-rc.2.tgz",
      "integrity": "sha1-uckEUg/gBdNJqnN6htg2Rdl9Wok="
    }
  }
}
